
Microsoft Visual Studio Solution File, Format Version 12.00
# Visual Studio Version 17
VisualStudioVersion = 17.0.31903.59
MinimumVisualStudioVersion = 10.0.40219.1
Project("{FAE04EC0-301F-11D3-BF4B-00C04F79EFBC}") = "CallCenter", "\CallCenter.csproj", "{0726807A-64E9-41E7-842F-733D5B7814AB}"
EndProject
Global
	GlobalSection(SolutionConfigurationPlatforms) = preSolution
		Debug|Any CPU = Debug|Any CPU
		Release|Any CPU = Release|Any CPU
	EndGlobalSection
	GlobalSection(SolutionProperties) = preSolution
		HideSolutionNode = FALSE
	EndGlobalSection
	GlobalSection(ProjectConfigurationPlatforms) = postSolution
		{0726807A-64E9-41E7-842F-733D5B7814AB}.Debug|Any CPU.ActiveCfg = Debug|Any CPU
		{0726807A-64E9-41E7-842F-733D5B7814AB}.Debug|Any CPU.Build.0 = Debug|Any CPU
		{0726807A-64E9-41E7-842F-733D5B7814AB}.Release|Any CPU.ActiveCfg = Release|Any CPU
		{0726807A-64E9-41E7-842F-733D5B7814AB}.Release|Any CPU.Build.0 = Release|Any CPU
	EndGlobalSection
EndGlobal
